{
    "name": "azp-task-bump",
    "version": "0.50.0",
    "lockfileVersion": 2,
    "requires": true,
    "packages": {
        "": {
            "name": "azp-task-bump",
            "version": "0.50.0",
            "license": "MIT",
            "dependencies": {
                "json-in-place": "^1.0.1"
            }
        },
        "node_modules/json-in-place": {
            "version": "1.0.1",
            "resolved": "https://registry.npmjs.org/json-in-place/-/json-in-place-1.0.1.tgz",
            "integrity": "sha512-XDFWT1iOlZErTFU0GGRju9g/uzY8BVFVsGsbgiE71Fg2+3c0lK4X4GSRB8PQ527hVkAJ2Z5Qv2sa7Re9iFNYKw==",
            "dependencies": {
                "json-lexer": "1.1.1"
            }
        },
        "node_modules/json-lexer": {
            "version": "1.1.1",
            "resolved": "https://registry.npmjs.org/json-lexer/-/json-lexer-1.1.1.tgz",
            "integrity": "sha512-kdpvcH1gqYXQEAVFxVwIWZKihrS0o9SjbwW2v8+0p6HA/YSMk5c4BkXdMiz/kDz2QW0XlOSkFKrJsC9KL0Mb5g=="
        }
    },
    "dependencies": {
        "json-in-place": {
            "version": "1.0.1",
            "resolved": "https://registry.npmjs.org/json-in-place/-/json-in-place-1.0.1.tgz",
            "integrity": "sha512-XDFWT1iOlZErTFU0GGRju9g/uzY8BVFVsGsbgiE71Fg2+3c0lK4X4GSRB8PQ527hVkAJ2Z5Qv2sa7Re9iFNYKw==",
            "requires": {
                "json-lexer": "1.1.1"
            }
        },
        "json-lexer": {
            "version": "1.1.1",
            "resolved": "https://registry.npmjs.org/json-lexer/-/json-lexer-1.1.1.tgz",
            "integrity": "sha512-kdpvcH1gqYXQEAVFxVwIWZKihrS0o9SjbwW2v8+0p6HA/YSMk5c4BkXdMiz/kDz2QW0XlOSkFKrJsC9KL0Mb5g=="
        }
    }
}
